// !$*UTF8*$!
{
	archiveVersion = 1;
	classes = {
	};
	objectVersion = 46;
	objects = {

/* Begin PBXBuildFile section */
		1315C9311DE1A48800F9CADF /* main.m in Sources */ = {isa = PBXBuildFile; fileRef = 1315C9301DE1A48800F9CADF /* main.m */; };
		1315C93F1DE1A48800F9CADF /* LaunchScreen.storyboard in Resources */ = {isa = PBXBuildFile; fileRef = 1315C93D1DE1A48800F9CADF /* LaunchScreen.storyboard */; };
		1315C94A1DE1A48800F9CADF /* HotelTests.m in Sources */ = {isa = PBXBuildFile; fileRef = 1315C9491DE1A48800F9CADF /* HotelTests.m */; };
		1315C9551DE1BD3700F9CADF /* HTLMenuItemCell.xib in Resources */ = {isa = PBXBuildFile; fileRef = 1315C9541DE1BD3700F9CADF /* HTLMenuItemCell.xib */; };
		1315C9571DE1BD8300F9CADF /* HTLMenuTableViewController.xib in Resources */ = {isa = PBXBuildFile; fileRef = 1315C9561DE1BD8300F9CADF /* HTLMenuTableViewController.xib */; };
		1315C9591DE1CF0700F9CADF /* HTLOrdersTableViewController.xib in Resources */ = {isa = PBXBuildFile; fileRef = 1315C9581DE1CF0700F9CADF /* HTLOrdersTableViewController.xib */; };
		1315C95B1DE1D3E100F9CADF /* FoodList.plist in Resources */ = {isa = PBXBuildFile; fileRef = 1315C95A1DE1D3E100F9CADF /* FoodList.plist */; };
		1315C9621DE1D53700F9CADF /* GymList.plist in Resources */ = {isa = PBXBuildFile; fileRef = 1315C9601DE1D53700F9CADF /* GymList.plist */; };
		1315C9631DE1D53700F9CADF /* SpaList.plist in Resources */ = {isa = PBXBuildFile; fileRef = 1315C9611DE1D53700F9CADF /* SpaList.plist */; };
		17242019F63517D039545E08 /* HTLOrdersTableViewController.m in Sources */ = {isa = PBXBuildFile; fileRef = 17242E05E70EDE9A3F2D729D /* HTLOrdersTableViewController.m */; };
		1724206913708C69A9BA152F /* Assets.xcassets in Resources */ = {isa = PBXBuildFile; fileRef = 1724269692669C0F885ED194 /* Assets.xcassets */; };
		172420F84E038F95E5E194CA /* HTLMenuItem+Mapping.m in Sources */ = {isa = PBXBuildFile; fileRef = 172420F60BEE010D2E0C51A8 /* HTLMenuItem+Mapping.m */; };
		17242205A95BFA933B0202A4 /* AppDelegate.m in Sources */ = {isa = PBXBuildFile; fileRef = 17242F54FF16FEEC53E4C83D /* AppDelegate.m */; };
		17242304B9E14A692A7E65CF /* HTLNumberFormattersLocator.m in Sources */ = {isa = PBXBuildFile; fileRef = 17242FADF5369E3F3E14A9DC /* HTLNumberFormattersLocator.m */; };
		17242323B737AEEF303BD587 /* HTLMenuTableViewController.m in Sources */ = {isa = PBXBuildFile; fileRef = 172422E684B12763701481FC /* HTLMenuTableViewController.m */; };
		172423A107E31A8682AE5D38 /* HTLMenuDataProvider.m in Sources */ = {isa = PBXBuildFile; fileRef = 17242B1C3B62E9F41772380A /* HTLMenuDataProvider.m */; };
		17242427B3B8BA09EE8FC316 /* HTLMenuItemViewModel.m in Sources */ = {isa = PBXBuildFile; fileRef = 1724276EF09C3B1260B3B7BB /* HTLMenuItemViewModel.m */; };
		17242515DC10FF4CF7B4D69A /* HTLOrderViewModel.m in Sources */ = {isa = PBXBuildFile; fileRef = 172425CF3DED96F1C1AE25DB /* HTLOrderViewModel.m */; };
		172425E172272557E3F4002C /* HTLMenuItemCell.m in Sources */ = {isa = PBXBuildFile; fileRef = 17242F58CCDAE107477C8242 /* HTLMenuItemCell.m */; };
		172427027AE41B8A36AF7010 /* HTLServiceLocator.m in Sources */ = {isa = PBXBuildFile; fileRef = 1724236986AF4D6884E4C1D7 /* HTLServiceLocator.m */; };
		17242753813340F73904F596 /* HTLDefaultNavigationController.m in Sources */ = {isa = PBXBuildFile; fileRef = 172429E2AB6888649070CBAC /* HTLDefaultNavigationController.m */; };
		172427AD8E9C00DFF0C91F70 /* HTLOrdersListDataProvider.m in Sources */ = {isa = PBXBuildFile; fileRef = 17242F594DB3313B75B64BC1 /* HTLOrdersListDataProvider.m */; };
		1724286959D32C1E63FD5863 /* HTLConstants.m in Sources */ = {isa = PBXBuildFile; fileRef = 17242F3C6473CEBDDBB961CB /* HTLConstants.m */; };
		1724291BE6DC6D84255F4687 /* HTLOrderItem.m in Sources */ = {isa = PBXBuildFile; fileRef = 17242696DB54782F1DEAB8A2 /* HTLOrderItem.m */; };
		1724296B39B5D1DB3132BF8C /* Menu.plist in Resources */ = {isa = PBXBuildFile; fileRef = 172427C37A92D7E3A4550650 /* Menu.plist */; };
		17242B550D8F9AA740B334B5 /* NSObject+HTLClassName.m in Sources */ = {isa = PBXBuildFile; fileRef = 172424701E8815AB9E4E011B /* NSObject+HTLClassName.m */; };
		17242CAE7C8A4841FA02E5FE /* HTLCellParamsContainer.m in Sources */ = {isa = PBXBuildFile; fileRef = 17242915D60D10F3A4E70285 /* HTLCellParamsContainer.m */; };
		17242CFFEC9115F460FB8DB5 /* HTLAlertsFactory.m in Sources */ = {isa = PBXBuildFile; fileRef = 17242516BC6134D649823298 /* HTLAlertsFactory.m */; };
		17242D013A237351BFFE6037 /* HTLMenuItem.m in Sources */ = {isa = PBXBuildFile; fileRef = 17242366136A5064627CF190 /* HTLMenuItem.m */; };
		17242D26F9E7B75374F4018E /* HTLSimpleDataSource.m in Sources */ = {isa = PBXBuildFile; fileRef = 1724230496B96A301150AD97 /* HTLSimpleDataSource.m */; };
		17242E755FCCB8584FE89677 /* HTLOrderItem+Mapping.m in Sources */ = {isa = PBXBuildFile; fileRef = 1724229627DB93F5B46A7BED /* HTLOrderItem+Mapping.m */; };
		17242F6202B50F95F701E742 /* HTLBaseParamsContainer.m in Sources */ = {isa = PBXBuildFile; fileRef = 172422748A0D74ACBEA942D2 /* HTLBaseParamsContainer.m */; };
		5EFE9F3151FAAE5ECE015539 /* Pods_Hotel.framework in Frameworks */ = {isa = PBXBuildFile; fileRef = 0245A7F49FE245452E007A5C /* Pods_Hotel.framework */; };
/* End PBXBuildFile section */

/* Begin PBXContainerItemProxy section */
		1315C9461DE1A48800F9CADF /* PBXContainerItemProxy */ = {
			isa = PBXContainerItemProxy;
			containerPortal = 1315C9241DE1A48800F9CADF /* Project object */;
			proxyType = 1;
			remoteGlobalIDString = 1315C92B1DE1A48800F9CADF;
			remoteInfo = Hotel;
		};
/* End PBXContainerItemProxy section */

/* Begin PBXFileReference section */
		0245A7F49FE245452E007A5C /* Pods_Hotel.framework */ = {isa = PBXFileReference; explicitFileType = wrapper.framework; includeInIndex = 0; path = Pods_Hotel.framework; sourceTree = BUILT_PRODUCTS_DIR; };
		1315C92C1DE1A48800F9CADF /* Hotel.app */ = {isa = PBXFileReference; explicitFileType = wrapper.application; includeInIndex = 0; path = Hotel.app; sourceTree = BUILT_PRODUCTS_DIR; };
		1315C9301DE1A48800F9CADF /* main.m */ = {isa = PBXFileReference; lastKnownFileType = sourcecode.c.objc; path = main.m; sourceTree = "<group>"; };
		1315C93E1DE1A48800F9CADF /* Base */ = {isa = PBXFileReference; lastKnownFileType = file.storyboard; name = Base; path = Base.lproj/LaunchScreen.storyboard; sourceTree = "<group>"; };
		1315C9451DE1A48800F9CADF /* HotelTests.xctest */ = {isa = PBXFileReference; explicitFileType = wrapper.cfbundle; includeInIndex = 0; path = HotelTests.xctest; sourceTree = BUILT_PRODUCTS_DIR; };
		1315C9491DE1A48800F9CADF /* HotelTests.m */ = {isa = PBXFileReference; lastKnownFileType = sourcecode.c.objc; path = HotelTests.m; sourceTree = "<group>"; };
		1315C94B1DE1A48800F9CADF /* Info.plist */ = {isa = PBXFileReference; lastKnownFileType = text.plist.xml; path = Info.plist; sourceTree = "<group>"; };
		1315C9541DE1BD3700F9CADF /* HTLMenuItemCell.xib */ = {isa = PBXFileReference; fileEncoding = 4; lastKnownFileType = file.xib; path = HTLMenuItemCell.xib; sourceTree = "<group>"; };
		1315C9561DE1BD8300F9CADF /* HTLMenuTableViewController.xib */ = {isa = PBXFileReference; fileEncoding = 4; lastKnownFileType = file.xib; path = HTLMenuTableViewController.xib; sourceTree = "<group>"; };
		1315C9581DE1CF0700F9CADF /* HTLOrdersTableViewController.xib */ = {isa = PBXFileReference; fileEncoding = 4; lastKnownFileType = file.xib; path = HTLOrdersTableViewController.xib; sourceTree = "<group>"; };
		1315C95A1DE1D3E100F9CADF /* FoodList.plist */ = {isa = PBXFileReference; fileEncoding = 4; lastKnownFileType = text.plist; path = FoodList.plist; sourceTree = "<group>"; };
		1315C9601DE1D53700F9CADF /* GymList.plist */ = {isa = PBXFileReference; fileEncoding = 4; lastKnownFileType = text.plist; path = GymList.plist; sourceTree = "<group>"; };
		1315C9611DE1D53700F9CADF /* SpaList.plist */ = {isa = PBXFileReference; fileEncoding = 4; lastKnownFileType = text.plist; path = SpaList.plist; sourceTree = "<group>"; };
		172420310FC22ECC8E0D7373 /* HTLGlobalUtilities.h */ = {isa = PBXFileReference; fileEncoding = 4; lastKnownFileType = sourcecode.c.h; path = HTLGlobalUtilities.h; sourceTree = "<group>"; };
		172420A85C5A13A8033A8997 /* HTLNumberFormattersLocator.h */ = {isa = PBXFileReference; fileEncoding = 4; lastKnownFileType = sourcecode.c.h; path = HTLNumberFormattersLocator.h; sourceTree = "<group>"; };
		172420F60BEE010D2E0C51A8 /* HTLMenuItem+Mapping.m */ = {isa = PBXFileReference; fileEncoding = 4; lastKnownFileType = sourcecode.c.objc; path = "HTLMenuItem+Mapping.m"; sourceTree = "<group>"; };
		172422748A0D74ACBEA942D2 /* HTLBaseParamsContainer.m */ = {isa = PBXFileReference; fileEncoding = 4; lastKnownFileType = sourcecode.c.objc; path = HTLBaseParamsContainer.m; sourceTree = "<group>"; };
		1724227C5AB5CF32C4A3E8C3 /* HTLMenuDataProvider.h */ = {isa = PBXFileReference; fileEncoding = 4; lastKnownFileType = sourcecode.c.h; path = HTLMenuDataProvider.h; sourceTree = "<group>"; };
		1724229627DB93F5B46A7BED /* HTLOrderItem+Mapping.m */ = {isa = PBXFileReference; fileEncoding = 4; lastKnownFileType = sourcecode.c.objc; path = "HTLOrderItem+Mapping.m"; sourceTree = "<group>"; };
		172422E684B12763701481FC /* HTLMenuTableViewController.m */ = {isa = PBXFileReference; fileEncoding = 4; lastKnownFileType = sourcecode.c.objc; path = HTLMenuTableViewController.m; sourceTree = "<group>"; };
		17242303E8410DF2F272BF76 /* HTLOrderItem+Mapping.h */ = {isa = PBXFileReference; fileEncoding = 4; lastKnownFileType = sourcecode.c.h; path = "HTLOrderItem+Mapping.h"; sourceTree = "<group>"; };
		1724230496B96A301150AD97 /* HTLSimpleDataSource.m */ = {isa = PBXFileReference; fileEncoding = 4; lastKnownFileType = sourcecode.c.objc; path = HTLSimpleDataSource.m; sourceTree = "<group>"; };
		1724230E6F6845BBD6E5F64A /* HTLServiceLocator.h */ = {isa = PBXFileReference; fileEncoding = 4; lastKnownFileType = sourcecode.c.h; path = HTLServiceLocator.h; sourceTree = "<group>"; };
		172423380F9DB47DA888320C /* HTLOrderViewModel.h */ = {isa = PBXFileReference; fileEncoding = 4; lastKnownFileType = sourcecode.c.h; path = HTLOrderViewModel.h; sourceTree = "<group>"; };
		17242366136A5064627CF190 /* HTLMenuItem.m */ = {isa = PBXFileReference; fileEncoding = 4; lastKnownFileType = sourcecode.c.objc; path = HTLMenuItem.m; sourceTree = "<group>"; };
		1724236986AF4D6884E4C1D7 /* HTLServiceLocator.m */ = {isa = PBXFileReference; fileEncoding = 4; lastKnownFileType = sourcecode.c.objc; path = HTLServiceLocator.m; sourceTree = "<group>"; };
		17242431EF67C0269CD1C278 /* AppDelegate.h */ = {isa = PBXFileReference; fileEncoding = 4; lastKnownFileType = sourcecode.c.h; path = AppDelegate.h; sourceTree = "<group>"; };
		172424701E8815AB9E4E011B /* NSObject+HTLClassName.m */ = {isa = PBXFileReference; fileEncoding = 4; lastKnownFileType = sourcecode.c.objc; path = "NSObject+HTLClassName.m"; sourceTree = "<group>"; };
		172424A24F5CA2DBCC9BE0C5 /* NSObject+HTLClassName.h */ = {isa = PBXFileReference; fileEncoding = 4; lastKnownFileType = sourcecode.c.h; path = "NSObject+HTLClassName.h"; sourceTree = "<group>"; };
		172424C39889CC430C3BF824 /* HTLAlertsFactory.h */ = {isa = PBXFileReference; fileEncoding = 4; lastKnownFileType = sourcecode.c.h; path = HTLAlertsFactory.h; sourceTree = "<group>"; };
		17242516BC6134D649823298 /* HTLAlertsFactory.m */ = {isa = PBXFileReference; fileEncoding = 4; lastKnownFileType = sourcecode.c.objc; path = HTLAlertsFactory.m; sourceTree = "<group>"; };
		1724251D487F2640DBE2398C /* HTLDefaultNavigationController.h */ = {isa = PBXFileReference; fileEncoding = 4; lastKnownFileType = sourcecode.c.h; path = HTLDefaultNavigationController.h; sourceTree = "<group>"; };
		172425CF3DED96F1C1AE25DB /* HTLOrderViewModel.m */ = {isa = PBXFileReference; fileEncoding = 4; lastKnownFileType = sourcecode.c.objc; path = HTLOrderViewModel.m; sourceTree = "<group>"; };
		1724269692669C0F885ED194 /* Assets.xcassets */ = {isa = PBXFileReference; lastKnownFileType = folder.assetcatalog; path = Assets.xcassets; sourceTree = "<group>"; };
		17242696DB54782F1DEAB8A2 /* HTLOrderItem.m */ = {isa = PBXFileReference; fileEncoding = 4; lastKnownFileType = sourcecode.c.objc; path = HTLOrderItem.m; sourceTree = "<group>"; };
		1724272253B205518BDFD818 /* HTLCellParamsContainer.h */ = {isa = PBXFileReference; fileEncoding = 4; lastKnownFileType = sourcecode.c.h; path = HTLCellParamsContainer.h; sourceTree = "<group>"; };
		1724276EF09C3B1260B3B7BB /* HTLMenuItemViewModel.m */ = {isa = PBXFileReference; fileEncoding = 4; lastKnownFileType = sourcecode.c.objc; path = HTLMenuItemViewModel.m; sourceTree = "<group>"; };
		172427BF5D95ADE9A97202BF /* HTLDataProvider.h */ = {isa = PBXFileReference; fileEncoding = 4; lastKnownFileType = sourcecode.c.h; path = HTLDataProvider.h; sourceTree = "<group>"; };
		172427C37A92D7E3A4550650 /* Menu.plist */ = {isa = PBXFileReference; fileEncoding = 4; lastKnownFileType = text.plist; path = Menu.plist; sourceTree = "<group>"; };
		1724283180C9C91D3A43AFA6 /* HTLMenuItemViewModel.h */ = {isa = PBXFileReference; fileEncoding = 4; lastKnownFileType = sourcecode.c.h; path = HTLMenuItemViewModel.h; sourceTree = "<group>"; };
		172428FB1632321D6453AAE3 /* HTLConstants.h */ = {isa = PBXFileReference; fileEncoding = 4; lastKnownFileType = sourcecode.c.h; path = HTLConstants.h; sourceTree = "<group>"; };
		17242915D60D10F3A4E70285 /* HTLCellParamsContainer.m */ = {isa = PBXFileReference; fileEncoding = 4; lastKnownFileType = sourcecode.c.objc; path = HTLCellParamsContainer.m; sourceTree = "<group>"; };
		172429CA94BB595045C1E45B /* HTLMenuTableViewController.h */ = {isa = PBXFileReference; fileEncoding = 4; lastKnownFileType = sourcecode.c.h; path = HTLMenuTableViewController.h; sourceTree = "<group>"; };
		172429E2AB6888649070CBAC /* HTLDefaultNavigationController.m */ = {isa = PBXFileReference; fileEncoding = 4; lastKnownFileType = sourcecode.c.objc; path = HTLDefaultNavigationController.m; sourceTree = "<group>"; };
		17242A1A7DDD951A0C4A29B1 /* HTLOrdersListDataProvider.h */ = {isa = PBXFileReference; fileEncoding = 4; lastKnownFileType = sourcecode.c.h; path = HTLOrdersListDataProvider.h; sourceTree = "<group>"; };
		17242AF2BC95F6EEAA0946BD /* HTLMenuItemCell.h */ = {isa = PBXFileReference; fileEncoding = 4; lastKnownFileType = sourcecode.c.h; path = HTLMenuItemCell.h; sourceTree = "<group>"; };
		17242B1C3B62E9F41772380A /* HTLMenuDataProvider.m */ = {isa = PBXFileReference; fileEncoding = 4; lastKnownFileType = sourcecode.c.objc; path = HTLMenuDataProvider.m; sourceTree = "<group>"; };
		17242BB291CD0D4A63E5075D /* HTLBaseParamsContainer.h */ = {isa = PBXFileReference; fileEncoding = 4; lastKnownFileType = sourcecode.c.h; path = HTLBaseParamsContainer.h; sourceTree = "<group>"; };
		17242BD466B69CC598078C46 /* HTLNULLUtilities.h */ = {isa = PBXFileReference; fileEncoding = 4; lastKnownFileType = sourcecode.c.h; path = HTLNULLUtilities.h; sourceTree = "<group>"; };
		17242C383F6D2F6F69619460 /* HTLOrderItem.h */ = {isa = PBXFileReference; fileEncoding = 4; lastKnownFileType = sourcecode.c.h; path = HTLOrderItem.h; sourceTree = "<group>"; };
		17242C5196E2E3B7979D82F8 /* HTLCellParamsContainerDelegate.h */ = {isa = PBXFileReference; fileEncoding = 4; lastKnownFileType = sourcecode.c.h; path = HTLCellParamsContainerDelegate.h; sourceTree = "<group>"; };
		17242E05E70EDE9A3F2D729D /* HTLOrdersTableViewController.m */ = {isa = PBXFileReference; fileEncoding = 4; lastKnownFileType = sourcecode.c.objc; path = HTLOrdersTableViewController.m; sourceTree = "<group>"; };
		17242E177C18F6F4856D719D /* HTLMenuItem.h */ = {isa = PBXFileReference; fileEncoding = 4; lastKnownFileType = sourcecode.c.h; path = HTLMenuItem.h; sourceTree = "<group>"; };
		17242E1958F078B9616F643A /* Info.plist */ = {isa = PBXFileReference; fileEncoding = 4; lastKnownFileType = text.plist.info; path = Info.plist; sourceTree = "<group>"; };
		17242F018D1380CD9B153A5B /* HTLOrdersTableViewController.h */ = {isa = PBXFileReference; fileEncoding = 4; lastKnownFileType = sourcecode.c.h; path = HTLOrdersTableViewController.h; sourceTree = "<group>"; };
		17242F3C07BA45DFABA62DD4 /* HTLSimpleDataSource.h */ = {isa = PBXFileReference; fileEncoding = 4; lastKnownFileType = sourcecode.c.h; path = HTLSimpleDataSource.h; sourceTree = "<group>"; };
		17242F3C6473CEBDDBB961CB /* HTLConstants.m */ = {isa = PBXFileReference; fileEncoding = 4; lastKnownFileType = sourcecode.c.objc; path = HTLConstants.m; sourceTree = "<group>"; };
		17242F54FF16FEEC53E4C83D /* AppDelegate.m */ = {isa = PBXFileReference; fileEncoding = 4; lastKnownFileType = sourcecode.c.objc; path = AppDelegate.m; sourceTree = "<group>"; };
		17242F58CCDAE107477C8242 /* HTLMenuItemCell.m */ = {isa = PBXFileReference; fileEncoding = 4; lastKnownFileType = sourcecode.c.objc; path = HTLMenuItemCell.m; sourceTree = "<group>"; };
		17242F594DB3313B75B64BC1 /* HTLOrdersListDataProvider.m */ = {isa = PBXFileReference; fileEncoding = 4; lastKnownFileType = sourcecode.c.objc; path = HTLOrdersListDataProvider.m; sourceTree = "<group>"; };
		17242F75254F7BCD7DB8AC03 /* HTLMenuItem+Mapping.h */ = {isa = PBXFileReference; fileEncoding = 4; lastKnownFileType = sourcecode.c.h; path = "HTLMenuItem+Mapping.h"; sourceTree = "<group>"; };
		17242FA24CE4B59F476976B7 /* Hotel-Prefix.pch */ = {isa = PBXFileReference; fileEncoding = 4; lastKnownFileType = sourcecode.c.h; path = "Hotel-Prefix.pch"; sourceTree = "<group>"; };
		17242FADF5369E3F3E14A9DC /* HTLNumberFormattersLocator.m */ = {isa = PBXFileReference; fileEncoding = 4; lastKnownFileType = sourcecode.c.objc; path = HTLNumberFormattersLocator.m; sourceTree = "<group>"; };
		86CD774FDC751CAEA2F260D6 /* Pods-Hotel.debug.xcconfig */ = {isa = PBXFileReference; includeInIndex = 1; lastKnownFileType = text.xcconfig; name = "Pods-Hotel.debug.xcconfig"; path = "Pods/Target Support Files/Pods-Hotel/Pods-Hotel.debug.xcconfig"; sourceTree = "<group>"; };
		E327C12D89D0644212F7209D /* Pods-Hotel.release.xcconfig */ = {isa = PBXFileReference; includeInIndex = 1; lastKnownFileType = text.xcconfig; name = "Pods-Hotel.release.xcconfig"; path = "Pods/Target Support Files/Pods-Hotel/Pods-Hotel.release.xcconfig"; sourceTree = "<group>"; };
/* End PBXFileReference section */

/* Begin PBXFrameworksBuildPhase section */
		1315C9291DE1A48800F9CADF /* Frameworks */ = {
			isa = PBXFrameworksBuildPhase;
			buildActionMask = 2147483647;
			files = (
				5EFE9F3151FAAE5ECE015539 /* Pods_Hotel.framework in Frameworks */,
			);
			runOnlyForDeploymentPostprocessing = 0;
		};
		1315C9421DE1A48800F9CADF /* Frameworks */ = {
			isa = PBXFrameworksBuildPhase;
			buildActionMask = 2147483647;
			files = (
			);
			runOnlyForDeploymentPostprocessing = 0;
		};
/* End PBXFrameworksBuildPhase section */

/* Begin PBXGroup section */
		1315C9231DE1A48800F9CADF = {
			isa = PBXGroup;
			children = (
				1315C92E1DE1A48800F9CADF /* Hotel */,
				1315C9481DE1A48800F9CADF /* HotelTests */,
				1315C92D1DE1A48800F9CADF /* Products */,
				3F149E05FD2B17117C763948 /* Pods */,
				1C231BC83452607C3FFA8775 /* Frameworks */,
			);
			sourceTree = "<group>";
		};
		1315C92D1DE1A48800F9CADF /* Products */ = {
			isa = PBXGroup;
			children = (
				1315C92C1DE1A48800F9CADF /* Hotel.app */,
				1315C9451DE1A48800F9CADF /* HotelTests.xctest */,
			);
			name = Products;
			sourceTree = "<group>";
		};
		1315C92E1DE1A48800F9CADF /* Hotel */ = {
			isa = PBXGroup;
			children = (
				1315C93D1DE1A48800F9CADF /* LaunchScreen.storyboard */,
				1315C92F1DE1A48800F9CADF /* Supporting Files */,
				17242291E83BD60335069885 /* Resources */,
				172427A9B400D8E402EA0B8C /* Common */,
				1724248BBF10D693A79B24A8 /* UI Modules */,
				172422E48D5909DB3C039562 /* AppDelegate */,
			);
			path = Hotel;
			sourceTree = "<group>";
		};
		1315C92F1DE1A48800F9CADF /* Supporting Files */ = {
			isa = PBXGroup;
			children = (
				1315C9301DE1A48800F9CADF /* main.m */,
			);
			name = "Supporting Files";
			sourceTree = "<group>";
		};
		1315C9481DE1A48800F9CADF /* HotelTests */ = {
			isa = PBXGroup;
			children = (
				1315C9491DE1A48800F9CADF /* HotelTests.m */,
				1315C94B1DE1A48800F9CADF /* Info.plist */,
			);
			path = HotelTests;
			sourceTree = "<group>";
		};
		1724200B4BBC485039C4567A /* Resources */ = {
			isa = PBXGroup;
			children = (
				172427C37A92D7E3A4550650 /* Menu.plist */,
			);
			name = Resources;
			sourceTree = "<group>";
		};
		1724205CACB3F39E88033931 /* HTLDataSource */ = {
			isa = PBXGroup;
			children = (
				17242F3C07BA45DFABA62DD4 /* HTLSimpleDataSource.h */,
				1724230496B96A301150AD97 /* HTLSimpleDataSource.m */,
			);
			path = HTLDataSource;
			sourceTree = "<group>";
		};
		1724208FB530EAE7711A5799 /* Models */ = {
			isa = PBXGroup;
			children = (
				17242366136A5064627CF190 /* HTLMenuItem.m */,
				17242E177C18F6F4856D719D /* HTLMenuItem.h */,
				172420F60BEE010D2E0C51A8 /* HTLMenuItem+Mapping.m */,
				17242F75254F7BCD7DB8AC03 /* HTLMenuItem+Mapping.h */,
			);
			name = Models;
			sourceTree = "<group>";
		};
		172420EDE2C8F658DB246DA0 /* HTLDefaultNavigationController */ = {
			isa = PBXGroup;
			children = (
				1724251D487F2640DBE2398C /* HTLDefaultNavigationController.h */,
				172429E2AB6888649070CBAC /* HTLDefaultNavigationController.m */,
			);
			path = HTLDefaultNavigationController;
			sourceTree = "<group>";
		};
		172421937695A3A1B86F77CA /* Views */ = {
			isa = PBXGroup;
			children = (
				17242F58CCDAE107477C8242 /* HTLMenuItemCell.m */,
				17242AF2BC95F6EEAA0946BD /* HTLMenuItemCell.h */,
				1315C9541DE1BD3700F9CADF /* HTLMenuItemCell.xib */,
			);
			name = Views;
			sourceTree = "<group>";
		};
		172421ABE91B6B1B33114610 /* ViewControllers */ = {
			isa = PBXGroup;
			children = (
				17242E05E70EDE9A3F2D729D /* HTLOrdersTableViewController.m */,
				17242F018D1380CD9B153A5B /* HTLOrdersTableViewController.h */,
				1315C9581DE1CF0700F9CADF /* HTLOrdersTableViewController.xib */,
			);
			name = ViewControllers;
			sourceTree = "<group>";
		};
		172421EC0CF96D302B7E5B76 /* Controllers */ = {
			isa = PBXGroup;
			children = (
				17242B1C3B62E9F41772380A /* HTLMenuDataProvider.m */,
				1724227C5AB5CF32C4A3E8C3 /* HTLMenuDataProvider.h */,
			);
			name = Controllers;
			sourceTree = "<group>";
		};
		17242226A5CEA4441EBE73DD /* Orders */ = {
			isa = PBXGroup;
			children = (
				172421ABE91B6B1B33114610 /* ViewControllers */,
				17242C8D9D3C834A359C1E33 /* Models */,
				17242A8D22B370C3ACE589E3 /* Resources */,
				17242263A6A3E6BF398748EE /* Controllers */,
				172426B6C9D1F9E62DD2B0AC /* ViewModels */,
			);
			path = Orders;
			sourceTree = "<group>";
		};
		17242263A6A3E6BF398748EE /* Controllers */ = {
			isa = PBXGroup;
			children = (
				17242F594DB3313B75B64BC1 /* HTLOrdersListDataProvider.m */,
				17242A1A7DDD951A0C4A29B1 /* HTLOrdersListDataProvider.h */,
			);
			name = Controllers;
			sourceTree = "<group>";
		};
		17242291E83BD60335069885 /* Resources */ = {
			isa = PBXGroup;
			children = (
				17242E1958F078B9616F643A /* Info.plist */,
				1724269692669C0F885ED194 /* Assets.xcassets */,
				17242FA24CE4B59F476976B7 /* Hotel-Prefix.pch */,
			);
			path = Resources;
			sourceTree = "<group>";
		};
		172422DBDFA3FF326CBA53D1 /* ParamsContainer */ = {
			isa = PBXGroup;
			children = (
				1724251F58739BC843FDCE0E /* Models */,
				172427E9A6F42DEFE6EEA150 /* Protocols */,
			);
			path = ParamsContainer;
			sourceTree = "<group>";
		};
		172422E48D5909DB3C039562 /* AppDelegate */ = {
			isa = PBXGroup;
			children = (
				17242431EF67C0269CD1C278 /* AppDelegate.h */,
				17242F54FF16FEEC53E4C83D /* AppDelegate.m */,
			);
			path = AppDelegate;
			sourceTree = "<group>";
		};
		1724230C59DBAE1750280DE4 /* Menu */ = {
			isa = PBXGroup;
			children = (
				1724208FB530EAE7711A5799 /* Models */,
				172421EC0CF96D302B7E5B76 /* Controllers */,
				172421937695A3A1B86F77CA /* Views */,
				17242CA4D9D77A6DC4FED6C5 /* ViewControllers */,
				17242B65F93B0B0BB5A73130 /* ViewModels */,
				1724200B4BBC485039C4567A /* Resources */,
			);
			path = Menu;
			sourceTree = "<group>";
		};
		1724234BD0B658401AEB4F26 /* Constants */ = {
			isa = PBXGroup;
			children = (
				17242F3C6473CEBDDBB961CB /* HTLConstants.m */,
				172428FB1632321D6453AAE3 /* HTLConstants.h */,
			);
			path = Constants;
			sourceTree = "<group>";
		};
		1724248BBF10D693A79B24A8 /* UI Modules */ = {
			isa = PBXGroup;
			children = (
				1724230C59DBAE1750280DE4 /* Menu */,
				17242226A5CEA4441EBE73DD /* Orders */,
			);
			path = "UI Modules";
			sourceTree = "<group>";
		};
		1724251F58739BC843FDCE0E /* Models */ = {
			isa = PBXGroup;
			children = (
				17242BB291CD0D4A63E5075D /* HTLBaseParamsContainer.h */,
				172422748A0D74ACBEA942D2 /* HTLBaseParamsContainer.m */,
				1724272253B205518BDFD818 /* HTLCellParamsContainer.h */,
				17242915D60D10F3A4E70285 /* HTLCellParamsContainer.m */,
			);
			name = Models;
			sourceTree = "<group>";
		};
		172426924F0F14F77637BFE9 /* Locators */ = {
			isa = PBXGroup;
			children = (
				172427971863341E22BC8426 /* ServiceLocator */,
			);
			path = Locators;
			sourceTree = "<group>";
		};
		172426B6C9D1F9E62DD2B0AC /* ViewModels */ = {
			isa = PBXGroup;
			children = (
				172425CF3DED96F1C1AE25DB /* HTLOrderViewModel.m */,
				172423380F9DB47DA888320C /* HTLOrderViewModel.h */,
			);
			name = ViewModels;
			sourceTree = "<group>";
		};
		172427971863341E22BC8426 /* ServiceLocator */ = {
			isa = PBXGroup;
			children = (
				1724236986AF4D6884E4C1D7 /* HTLServiceLocator.m */,
				1724230E6F6845BBD6E5F64A /* HTLServiceLocator.h */,
				17242FADF5369E3F3E14A9DC /* HTLNumberFormattersLocator.m */,
				172420A85C5A13A8033A8997 /* HTLNumberFormattersLocator.h */,
			);
			path = ServiceLocator;
			sourceTree = "<group>";
		};
		172427A9B400D8E402EA0B8C /* Common */ = {
			isa = PBXGroup;
			children = (
				172426924F0F14F77637BFE9 /* Locators */,
				17242FB38B2842F9584EFA32 /* Utilities */,
				1724234BD0B658401AEB4F26 /* Constants */,
				17242D827E036162A482C8DD /* Protocols */,
				1724205CACB3F39E88033931 /* HTLDataSource */,
				172422DBDFA3FF326CBA53D1 /* ParamsContainer */,
				17242DA8778890DA6767373E /* Factories */,
				172429F1C762998337021416 /* Categories */,
				172420EDE2C8F658DB246DA0 /* HTLDefaultNavigationController */,
			);
			path = Common;
			sourceTree = "<group>";
		};
		172427E9A6F42DEFE6EEA150 /* Protocols */ = {
			isa = PBXGroup;
			children = (
				17242C5196E2E3B7979D82F8 /* HTLCellParamsContainerDelegate.h */,
			);
			name = Protocols;
			sourceTree = "<group>";
		};
		172429F1C762998337021416 /* Categories */ = {
			isa = PBXGroup;
			children = (
				172424701E8815AB9E4E011B /* NSObject+HTLClassName.m */,
				172424A24F5CA2DBCC9BE0C5 /* NSObject+HTLClassName.h */,
			);
			path = Categories;
			sourceTree = "<group>";
		};
		17242A8D22B370C3ACE589E3 /* Resources */ = {
			isa = PBXGroup;
			children = (
				1315C95A1DE1D3E100F9CADF /* FoodList.plist */,
				1315C9611DE1D53700F9CADF /* SpaList.plist */,
				1315C9601DE1D53700F9CADF /* GymList.plist */,
			);
			name = Resources;
			sourceTree = "<group>";
		};
		17242B65F93B0B0BB5A73130 /* ViewModels */ = {
			isa = PBXGroup;
			children = (
				1724276EF09C3B1260B3B7BB /* HTLMenuItemViewModel.m */,
				1724283180C9C91D3A43AFA6 /* HTLMenuItemViewModel.h */,
			);
			name = ViewModels;
			sourceTree = "<group>";
		};
		17242C8D9D3C834A359C1E33 /* Models */ = {
			isa = PBXGroup;
			children = (
				17242696DB54782F1DEAB8A2 /* HTLOrderItem.m */,
				17242C383F6D2F6F69619460 /* HTLOrderItem.h */,
				1724229627DB93F5B46A7BED /* HTLOrderItem+Mapping.m */,
				17242303E8410DF2F272BF76 /* HTLOrderItem+Mapping.h */,
			);
			name = Models;
			sourceTree = "<group>";
		};
		17242CA4D9D77A6DC4FED6C5 /* ViewControllers */ = {
			isa = PBXGroup;
			children = (
				172422E684B12763701481FC /* HTLMenuTableViewController.m */,
				172429CA94BB595045C1E45B /* HTLMenuTableViewController.h */,
				1315C9561DE1BD8300F9CADF /* HTLMenuTableViewController.xib */,
			);
			name = ViewControllers;
			sourceTree = "<group>";
		};
		17242D827E036162A482C8DD /* Protocols */ = {
			isa = PBXGroup;
			children = (
				172427BF5D95ADE9A97202BF /* HTLDataProvider.h */,
			);
			path = Protocols;
			sourceTree = "<group>";
		};
		17242DA8778890DA6767373E /* Factories */ = {
			isa = PBXGroup;
			children = (
				17242516BC6134D649823298 /* HTLAlertsFactory.m */,
				172424C39889CC430C3BF824 /* HTLAlertsFactory.h */,
			);
			path = Factories;
			sourceTree = "<group>";
		};
		17242FB38B2842F9584EFA32 /* Utilities */ = {
			isa = PBXGroup;
			children = (
				172420310FC22ECC8E0D7373 /* HTLGlobalUtilities.h */,
				17242BD466B69CC598078C46 /* HTLNULLUtilities.h */,
			);
			path = Utilities;
			sourceTree = "<group>";
		};
		1C231BC83452607C3FFA8775 /* Frameworks */ = {
			isa = PBXGroup;
			children = (
				0245A7F49FE245452E007A5C /* Pods_Hotel.framework */,
			);
			name = Frameworks;
			sourceTree = "<group>";
		};
		3F149E05FD2B17117C763948 /* Pods */ = {
			isa = PBXGroup;
			children = (
				86CD774FDC751CAEA2F260D6 /* Pods-Hotel.debug.xcconfig */,
				E327C12D89D0644212F7209D /* Pods-Hotel.release.xcconfig */,
			);
			name = Pods;
			sourceTree = "<group>";
		};
/* End PBXGroup section */

/* Begin PBXNativeTarget section */
		1315C92B1DE1A48800F9CADF /* Hotel */ = {
			isa = PBXNativeTarget;
			buildConfigurationList = 1315C94E1DE1A48800F9CADF /* Build configuration list for PBXNativeTarget "Hotel" */;
			buildPhases = (
				05FA87D36B5A3B3E0FCD2B0C /* [CP] Check Pods Manifest.lock */,
				1315C9281DE1A48800F9CADF /* Sources */,
				1315C9291DE1A48800F9CADF /* Frameworks */,
				1315C92A1DE1A48800F9CADF /* Resources */,
				6C754C207EB08C60CA287045 /* [CP] Embed Pods Frameworks */,
				16D841A18887E8850C2FED23 /* [CP] Copy Pods Resources */,
			);
			buildRules = (
			);
			dependencies = (
			);
			name = Hotel;
			productName = Hotel;
			productReference = 1315C92C1DE1A48800F9CADF /* Hotel.app */;
			productType = "com.apple.product-type.application";
		};
		1315C9441DE1A48800F9CADF /* HotelTests */ = {
			isa = PBXNativeTarget;
			buildConfigurationList = 1315C9511DE1A48800F9CADF /* Build configuration list for PBXNativeTarget "HotelTests" */;
			buildPhases = (
				1315C9411DE1A48800F9CADF /* Sources */,
				1315C9421DE1A48800F9CADF /* Frameworks */,
				1315C9431DE1A48800F9CADF /* Resources */,
			);
			buildRules = (
			);
			dependencies = (
				1315C9471DE1A48800F9CADF /* PBXTargetDependency */,
			);
			name = HotelTests;
			productName = HotelTests;
			productReference = 1315C9451DE1A48800F9CADF /* HotelTests.xctest */;
			productType = "com.apple.product-type.bundle.unit-test";
		};
/* End PBXNativeTarget section */

/* Begin PBXProject section */
		1315C9241DE1A48800F9CADF /* Project object */ = {
			isa = PBXProject;
			attributes = {
				CLASSPREFIX = HTL;
				LastUpgradeCheck = 0810;
				ORGANIZATIONNAME = aoli;
				TargetAttributes = {
					1315C92B1DE1A48800F9CADF = {
						CreatedOnToolsVersion = 8.1;
						ProvisioningStyle = Automatic;
					};
					1315C9441DE1A48800F9CADF = {
						CreatedOnToolsVersion = 8.1;
						ProvisioningStyle = Automatic;
						TestTargetID = 1315C92B1DE1A48800F9CADF;
					};
				};
			};
			buildConfigurationList = 1315C9271DE1A48800F9CADF /* Build configuration list for PBXProject "Hotel" */;
			compatibilityVersion = "Xcode 3.2";
			developmentRegion = English;
			hasScannedForEncodings = 0;
			knownRegions = (
				en,
				Base,
			);
			mainGroup = 1315C9231DE1A48800F9CADF;
			productRefGroup = 1315C92D1DE1A48800F9CADF /* Products */;
			projectDirPath = "";
			projectRoot = "";
			targets = (
				1315C92B1DE1A48800F9CADF /* Hotel */,
				1315C9441DE1A48800F9CADF /* HotelTests */,
			);
		};
/* End PBXProject section */

/* Begin PBXResourcesBuildPhase section */
		1315C92A1DE1A48800F9CADF /* Resources */ = {
			isa = PBXResourcesBuildPhase;
			buildActionMask = 2147483647;
			files = (
				1315C9621DE1D53700F9CADF /* GymList.plist in Resources */,
				1315C9591DE1CF0700F9CADF /* HTLOrdersTableViewController.xib in Resources */,
				1315C95B1DE1D3E100F9CADF /* FoodList.plist in Resources */,
				1315C9571DE1BD8300F9CADF /* HTLMenuTableViewController.xib in Resources */,
				1315C9551DE1BD3700F9CADF /* HTLMenuItemCell.xib in Resources */,
				1315C9631DE1D53700F9CADF /* SpaList.plist in Resources */,
				1315C93F1DE1A48800F9CADF /* LaunchScreen.storyboard in Resources */,
				1724206913708C69A9BA152F /* Assets.xcassets in Resources */,
				1724296B39B5D1DB3132BF8C /* Menu.plist in Resources */,
			);
			runOnlyForDeploymentPostprocessing = 0;
		};
		1315C9431DE1A48800F9CADF /* Resources */ = {
			isa = PBXResourcesBuildPhase;
			buildActionMask = 2147483647;
			files = (
			);
			runOnlyForDeploymentPostprocessing = 0;
		};
/* End PBXResourcesBuildPhase section */

/* Begin PBXShellScriptBuildPhase section */
		05FA87D36B5A3B3E0FCD2B0C /* [CP] Check Pods Manifest.lock */ = {
			isa = PBXShellScriptBuildPhase;
			buildActionMask = 2147483647;
			files = (
			);
			inputPaths = (
			);
			name = "[CP] Check Pods Manifest.lock";
			outputPaths = (
			);
			runOnlyForDeploymentPostprocessing = 0;
			shellPath = /bin/sh;
			shellScript = "diff \"${PODS_ROOT}/../Podfile.lock\" \"${PODS_ROOT}/Manifest.lock\" > /dev/null\nif [ $? != 0 ] ; then\n    # print error to STDERR\n    echo \"error: The sandbox is not in sync with the Podfile.lock. Run 'pod install' or update your CocoaPods installation.\" >&2\n    exit 1\nfi\n";
			showEnvVarsInLog = 0;
		};
		16D841A18887E8850C2FED23 /* [CP] Copy Pods Resources */ = {
			isa = PBXShellScriptBuildPhase;
			buildActionMask = 2147483647;
			files = (
			);
			inputPaths = (
			);
			name = "[CP] Copy Pods Resources";
			outputPaths = (
			);
			runOnlyForDeploymentPostprocessing = 0;
			shellPath = /bin/sh;
			shellScript = "\"${SRCROOT}/Pods/Target Support Files/Pods-Hotel/Pods-Hotel-resources.sh\"\n";
			showEnvVarsInLog = 0;
		};
		6C754C207EB08C60CA287045 /* [CP] Embed Pods Frameworks */ = {
			isa = PBXShellScriptBuildPhase;
			buildActionMask = 2147483647;
			files = (
			);
			inputPaths = (
			);
			name = "[CP] Embed Pods Frameworks";
			outputPaths = (
			);
			runOnlyForDeploymentPostprocessing = 0;
			shellPath = /bin/sh;
			shellScript = "\"${SRCROOT}/Pods/Target Support Files/Pods-Hotel/Pods-Hotel-frameworks.sh\"\n";
			showEnvVarsInLog = 0;
		};
/* End PBXShellScriptBuildPhase section */

/* Begin PBXSourcesBuildPhase section */
		1315C9281DE1A48800F9CADF /* Sources */ = {
			isa = PBXSourcesBuildPhase;
			buildActionMask = 2147483647;
			files = (
				1315C9311DE1A48800F9CADF /* main.m in Sources */,
				172427027AE41B8A36AF7010 /* HTLServiceLocator.m in Sources */,
				17242205A95BFA933B0202A4 /* AppDelegate.m in Sources */,
				17242D013A237351BFFE6037 /* HTLMenuItem.m in Sources */,
				172420F84E038F95E5E194CA /* HTLMenuItem+Mapping.m in Sources */,
				1724286959D32C1E63FD5863 /* HTLConstants.m in Sources */,
				17242D26F9E7B75374F4018E /* HTLSimpleDataSource.m in Sources */,
				172423A107E31A8682AE5D38 /* HTLMenuDataProvider.m in Sources */,
				17242F6202B50F95F701E742 /* HTLBaseParamsContainer.m in Sources */,
				17242CAE7C8A4841FA02E5FE /* HTLCellParamsContainer.m in Sources */,
				172425E172272557E3F4002C /* HTLMenuItemCell.m in Sources */,
				17242427B3B8BA09EE8FC316 /* HTLMenuItemViewModel.m in Sources */,
				17242323B737AEEF303BD587 /* HTLMenuTableViewController.m in Sources */,
				17242CFFEC9115F460FB8DB5 /* HTLAlertsFactory.m in Sources */,
				17242B550D8F9AA740B334B5 /* NSObject+HTLClassName.m in Sources */,
				17242753813340F73904F596 /* HTLDefaultNavigationController.m in Sources */,
				17242019F63517D039545E08 /* HTLOrdersTableViewController.m in Sources */,
				1724291BE6DC6D84255F4687 /* HTLOrderItem.m in Sources */,
				17242E755FCCB8584FE89677 /* HTLOrderItem+Mapping.m in Sources */,
				172427AD8E9C00DFF0C91F70 /* HTLOrdersListDataProvider.m in Sources */,
				17242515DC10FF4CF7B4D69A /* HTLOrderViewModel.m in Sources */,
				17242304B9E14A692A7E65CF /* HTLNumberFormattersLocator.m in Sources */,
			);
			runOnlyForDeploymentPostprocessing = 0;
		};
		1315C9411DE1A48800F9CADF /* Sources */ = {
			isa = PBXSourcesBuildPhase;
			buildActionMask = 2147483647;
			files = (
				1315C94A1DE1A48800F9CADF /* HotelTests.m in Sources */,
			);
			runOnlyForDeploymentPostprocessing = 0;
		};
/* End PBXSourcesBuildPhase section */

/* Begin PBXTargetDependency section */
		1315C9471DE1A48800F9CADF /* PBXTargetDependency */ = {
			isa = PBXTargetDependency;
			target = 1315C92B1DE1A48800F9CADF /* Hotel */;
			targetProxy = 1315C9461DE1A48800F9CADF /* PBXContainerItemProxy */;
		};
/* End PBXTargetDependency section */

/* Begin PBXVariantGroup section */
		1315C93D1DE1A48800F9CADF /* LaunchScreen.storyboard */ = {
			isa = PBXVariantGroup;
			children = (
				1315C93E1DE1A48800F9CADF /* Base */,
			);
			name = LaunchScreen.storyboard;
			sourceTree = "<group>";
		};
/* End PBXVariantGroup section */

/* Begin XCBuildConfiguration section */
		1315C94C1DE1A48800F9CADF /* Debug */ = {
			isa = XCBuildConfiguration;
			buildSettings = {
				ALWAYS_SEARCH_USER_PATHS = NO;
				CLANG_ANALYZER_NONNULL = YES;
				CLANG_CXX_LANGUAGE_STANDARD = "gnu++0x";
				CLANG_CXX_LIBRARY = "libc++";
				CLANG_ENABLE_MODULES = YES;
				CLANG_ENABLE_OBJC_ARC = YES;
				CLANG_WARN_BOOL_CONVERSION = YES;
				CLANG_WARN_CONSTANT_CONVERSION = YES;
				CLANG_WARN_DIRECT_OBJC_ISA_USAGE = YES_ERROR;
				CLANG_WARN_DOCUMENTATION_COMMENTS = YES;
				CLANG_WARN_EMPTY_BODY = YES;
				CLANG_WARN_ENUM_CONVERSION = YES;
				CLANG_WARN_INFINITE_RECURSION = YES;
				CLANG_WARN_INT_CONVERSION = YES;
				CLANG_WARN_OBJC_ROOT_CLASS = YES_ERROR;
				CLANG_WARN_SUSPICIOUS_MOVES = YES;
				CLANG_WARN_UNREACHABLE_CODE = YES;
				CLANG_WARN__DUPLICATE_METHOD_MATCH = YES;
				"CODE_SIGN_IDENTITY[sdk=iphoneos*]" = "iPhone Developer";
				COPY_PHASE_STRIP = NO;
				DEBUG_INFORMATION_FORMAT = dwarf;
				ENABLE_STRICT_OBJC_MSGSEND = YES;
				ENABLE_TESTABILITY = YES;
				GCC_C_LANGUAGE_STANDARD = gnu99;
				GCC_DYNAMIC_NO_PIC = NO;
				GCC_NO_COMMON_BLOCKS = YES;
				GCC_OPTIMIZATION_LEVEL = 0;
				GCC_PREPROCESSOR_DEFINITIONS = (
					"DEBUG=1",
					"$(inherited)",
				);
				GCC_WARN_64_TO_32_BIT_CONVERSION = YES;
				GCC_WARN_ABOUT_RETURN_TYPE = YES_ERROR;
				GCC_WARN_UNDECLARED_SELECTOR = YES;
				GCC_WARN_UNINITIALIZED_AUTOS = YES_AGGRESSIVE;
				GCC_WARN_UNUSED_FUNCTION = YES;
				GCC_WARN_UNUSED_VARIABLE = YES;
				IPHONEOS_DEPLOYMENT_TARGET = 10.1;
				MTL_ENABLE_DEBUG_INFO = YES;
				ONLY_ACTIVE_ARCH = YES;
				SDKROOT = iphoneos;
			};
			name = Debug;
		};
		1315C94D1DE1A48800F9CADF /* Release */ = {
			isa = XCBuildConfiguration;
			buildSettings = {
				ALWAYS_SEARCH_USER_PATHS = NO;
				CLANG_ANALYZER_NONNULL = YES;
				CLANG_CXX_LANGUAGE_STANDARD = "gnu++0x";
				CLANG_CXX_LIBRARY = "libc++";
				CLANG_ENABLE_MODULES = YES;
				CLANG_ENABLE_OBJC_ARC = YES;
				CLANG_WARN_BOOL_CONVERSION = YES;
				CLANG_WARN_CONSTANT_CONVERSION = YES;
				CLANG_WARN_DIRECT_OBJC_ISA_USAGE = YES_ERROR;
				CLANG_WARN_DOCUMENTATION_COMMENTS = YES;
				CLANG_WARN_EMPTY_BODY = YES;
				CLANG_WARN_ENUM_CONVERSION = YES;
				CLANG_WARN_INFINITE_RECURSION = YES;
				CLANG_WARN_INT_CONVERSION = YES;
				CLANG_WARN_OBJC_ROOT_CLASS = YES_ERROR;
				CLANG_WARN_SUSPICIOUS_MOVES = YES;
				CLANG_WARN_UNREACHABLE_CODE = YES;
				CLANG_WARN__DUPLICATE_METHOD_MATCH = YES;
				"CODE_SIGN_IDENTITY[sdk=iphoneos*]" = "iPhone Developer";
				COPY_PHASE_STRIP = NO;
				DEBUG_INFORMATION_FORMAT = "dwarf-with-dsym";
				ENABLE_NS_ASSERTIONS = NO;
				ENABLE_STRICT_OBJC_MSGSEND = YES;
				GCC_C_LANGUAGE_STANDARD = gnu99;
				GCC_NO_COMMON_BLOCKS = YES;
				GCC_WARN_64_TO_32_BIT_CONVERSION = YES;
				GCC_WARN_ABOUT_RETURN_TYPE = YES_ERROR;
				GCC_WARN_UNDECLARED_SELECTOR = YES;
				GCC_WARN_UNINITIALIZED_AUTOS = YES_AGGRESSIVE;
				GCC_WARN_UNUSED_FUNCTION = YES;
				GCC_WARN_UNUSED_VARIABLE = YES;
				IPHONEOS_DEPLOYMENT_TARGET = 10.1;
				MTL_ENABLE_DEBUG_INFO = NO;
				SDKROOT = iphoneos;
				VALIDATE_PRODUCT = YES;
			};
			name = Release;
		};
		1315C94F1DE1A48800F9CADF /* Debug */ = {
			isa = XCBuildConfiguration;
			baseConfigurationReference = 86CD774FDC751CAEA2F260D6 /* Pods-Hotel.debug.xcconfig */;
			buildSettings = {
				ASSETCATALOG_COMPILER_APPICON_NAME = AppIcon;
				GCC_PREFIX_HEADER = "Hotel/Resources/Hotel-Prefix.pch";
				HEADER_SEARCH_PATHS = "\"${PODS_ROOT}/Headers/Public\"";
				INFOPLIST_FILE = "$(SRCROOT)/Hotel/Resources/Info.plist";
				IPHONEOS_DEPLOYMENT_TARGET = 9.0;
				LD_RUNPATH_SEARCH_PATHS = "$(inherited) @executable_path/Frameworks";
				PRODUCT_BUNDLE_IDENTIFIER = com.aoli.Hotel;
				PRODUCT_NAME = "$(TARGET_NAME)";
			};
			name = Debug;
		};
		1315C9501DE1A48800F9CADF /* Release */ = {
			isa = XCBuildConfiguration;
			baseConfigurationReference = E327C12D89D0644212F7209D /* Pods-Hotel.release.xcconfig */;
			buildSettings = {
				ASSETCATALOG_COMPILER_APPICON_NAME = AppIcon;
				GCC_PREFIX_HEADER = "Hotel/Resources/Hotel-Prefix.pch";
				HEADER_SEARCH_PATHS = "\"${PODS_ROOT}/Headers/Public\"";
				INFOPLIST_FILE = "$(SRCROOT)/Hotel/Resources/Info.plist";
				IPHONEOS_DEPLOYMENT_TARGET = 9.0;
				LD_RUNPATH_SEARCH_PATHS = "$(inherited) @executable_path/Frameworks";
				PRODUCT_BUNDLE_IDENTIFIER = com.aoli.Hotel;
				PRODUCT_NAME = "$(TARGET_NAME)";
			};
			name = Release;
		};
		1315C9521DE1A48800F9CADF /* Debug */ = {
			isa = XCBuildConfiguration;
			buildSettings = {
				BUNDLE_LOADER = "$(TEST_HOST)";
				INFOPLIST_FILE = HotelTests/Info.plist;
				LD_RUNPATH_SEARCH_PATHS = "$(inherited) @executable_path/Frameworks @loader_path/Frameworks";
				PRODUCT_BUNDLE_IDENTIFIER = com.aoli.HotelTests;
				PRODUCT_NAME = "$(TARGET_NAME)";
				TEST_HOST = "$(BUILT_PRODUCTS_DIR)/Hotel.app/Hotel";
			};
			name = Debug;
		};
		1315C9531DE1A48800F9CADF /* Release */ = {
			isa = XCBuildConfiguration;
			buildSettings = {
				BUNDLE_LOADER = "$(TEST_HOST)";
				INFOPLIST_FILE = HotelTests/Info.plist;
				LD_RUNPATH_SEARCH_PATHS = "$(inherited) @executable_path/Frameworks @loader_path/Frameworks";
				PRODUCT_BUNDLE_IDENTIFIER = com.aoli.HotelTests;
				PRODUCT_NAME = "$(TARGET_NAME)";
				TEST_HOST = "$(BUILT_PRODUCTS_DIR)/Hotel.app/Hotel";
			};
			name = Release;
		};
/* End XCBuildConfiguration section */

/* Begin XCConfigurationList section */
		1315C9271DE1A48800F9CADF /* Build configuration list for PBXProject "Hotel" */ = {
			isa = XCConfigurationList;
			buildConfigurations = (
				1315C94C1DE1A48800F9CADF /* Debug */,
				1315C94D1DE1A48800F9CADF /* Release */,
			);
			defaultConfigurationIsVisible = 0;
			defaultConfigurationName = Release;
		};
		1315C94E1DE1A48800F9CADF /* Build configuration list for PBXNativeTarget "Hotel" */ = {
			isa = XCConfigurationList;
			buildConfigurations = (
				1315C94F1DE1A48800F9CADF /* Debug */,
				1315C9501DE1A48800F9CADF /* Release */,
			);
			defaultConfigurationIsVisible = 0;
			defaultConfigurationName = Release;
		};
		1315C9511DE1A48800F9CADF /* Build configuration list for PBXNativeTarget "HotelTests" */ = {
			isa = XCConfigurationList;
			buildConfigurations = (
				1315C9521DE1A48800F9CADF /* Debug */,
				1315C9531DE1A48800F9CADF /* Release */,
			);
			defaultConfigurationIsVisible = 0;
			defaultConfigurationName = Release;
		};
/* End XCConfigurationList section */
	};
	rootObject = 1315C9241DE1A48800F9CADF /* Project object */;
}
